
Microsoft Visual Studio Solution File, Format Version 12.00
# Visual Studio 15
Project("{FAE04EC0-301F-11D3-BF4B-00C04F79EFBC}") = "Assembly-CSharp", "Assembly-CSharp.csproj", "{DEE8BA1E-C0E1-176B-5EF0-3F60B8AED96B}"
EndProject
Project("{FAE04EC0-301F-11D3-BF4B-00C04F79EFBC}") = "Assembly-CSharp-Editor", "Assembly-CSharp-Editor.csproj", "{D8A6742E-2166-F8F2-FEFE-1022FA567A4A}"
EndProject
Global
	GlobalSection(SolutionConfigurationPlatforms) = preSolution
		Debug|Any CPU = Debug|Any CPU
		Release|Any CPU = Release|Any CPU
	EndGlobalSection
	GlobalSection(ProjectConfigurationPlatforms) = postSolution
		{DEE8BA1E-C0E1-176B-5EF0-3F60B8AED96B}.Debug|Any CPU.ActiveCfg = Debug|Any CPU
		{DEE8BA1E-C0E1-176B-5EF0-3F60B8AED96B}.Debug|Any CPU.Build.0 = Debug|Any CPU
		{DEE8BA1E-C0E1-176B-5EF0-3F60B8AED96B}.Release|Any CPU.ActiveCfg = Release|Any CPU
		{DEE8BA1E-C0E1-176B-5EF0-3F60B8AED96B}.Release|Any CPU.Build.0 = Release|Any CPU
		{D8A6742E-2166-F8F2-FEFE-1022FA567A4A}.Debug|Any CPU.ActiveCfg = Debug|Any CPU
		{D8A6742E-2166-F8F2-FEFE-1022FA567A4A}.Debug|Any CPU.Build.0 = Debug|Any CPU
		{D8A6742E-2166-F8F2-FEFE-1022FA567A4A}.Release|Any CPU.ActiveCfg = Release|Any CPU
		{D8A6742E-2166-F8F2-FEFE-1022FA567A4A}.Release|Any CPU.Build.0 = Release|Any CPU
	EndGlobalSection
	GlobalSection(SolutionProperties) = preSolution
		HideSolutionNode = FALSE
	EndGlobalSection
EndGlobal
